
Microsoft Visual Studio Solution File, Format Version 12.00
Project("{FAE04EC0-301F-11D3-BF4B-00C04F79EFBC}") = "BeeEngine.Drawing", "BeeEngine.Drawing\BeeEngine.Drawing.csproj", "{1C1F5ED1-B292-4EDE-9303-05A6A6D3EAD9}"
EndProject
Project("{FAE04EC0-301F-11D3-BF4B-00C04F79EFBC}") = "BeeEngine.UI", "BeeEngine.UI\BeeEngine.UI.csproj", "{5C9C1CFC-7E8D-4741-B2E1-9B4058FD9805}"
EndProject
Project("{FAE04EC0-301F-11D3-BF4B-00C04F79EFBC}") = "Test", "Test\Test.csproj", "{8DBBDDF8-0FF0-4830-AC1C-A5B815F0919E}"
EndProject
Global
	GlobalSection(SolutionConfigurationPlatforms) = preSolution
		Debug|Any CPU = Debug|Any CPU
		Release|Any CPU = Release|Any CPU
	EndGlobalSection
	GlobalSection(ProjectConfigurationPlatforms) = postSolution
		{1C1F5ED1-B292-4EDE-9303-05A6A6D3EAD9}.Debug|Any CPU.ActiveCfg = Debug|Any CPU
		{1C1F5ED1-B292-4EDE-9303-05A6A6D3EAD9}.Debug|Any CPU.Build.0 = Debug|Any CPU
		{1C1F5ED1-B292-4EDE-9303-05A6A6D3EAD9}.Release|Any CPU.ActiveCfg = Release|Any CPU
		{1C1F5ED1-B292-4EDE-9303-05A6A6D3EAD9}.Release|Any CPU.Build.0 = Release|Any CPU
		{5C9C1CFC-7E8D-4741-B2E1-9B4058FD9805}.Debug|Any CPU.ActiveCfg = Debug|Any CPU
		{5C9C1CFC-7E8D-4741-B2E1-9B4058FD9805}.Debug|Any CPU.Build.0 = Debug|Any CPU
		{5C9C1CFC-7E8D-4741-B2E1-9B4058FD9805}.Release|Any CPU.ActiveCfg = Release|Any CPU
		{5C9C1CFC-7E8D-4741-B2E1-9B4058FD9805}.Release|Any CPU.Build.0 = Release|Any CPU
		{8DBBDDF8-0FF0-4830-AC1C-A5B815F0919E}.Debug|Any CPU.ActiveCfg = Debug|Any CPU
		{8DBBDDF8-0FF0-4830-AC1C-A5B815F0919E}.Debug|Any CPU.Build.0 = Debug|Any CPU
		{8DBBDDF8-0FF0-4830-AC1C-A5B815F0919E}.Release|Any CPU.ActiveCfg = Release|Any CPU
		{8DBBDDF8-0FF0-4830-AC1C-A5B815F0919E}.Release|Any CPU.Build.0 = Release|Any CPU
	EndGlobalSection
EndGlobal
