
Microsoft Visual Studio Solution File, Format Version 12.00
Project("{FAE04EC0-301F-11D3-BF4B-00C04F79EFBC}") = "Test2D", "Test2D\Test2D.csproj", "{8DBBDDF8-0FF0-4830-AC1C-A5B815F0919E}"
EndProject
Project("{FAE04EC0-301F-11D3-BF4B-00C04F79EFBC}") = "BeeEngine", "BeeEngine\BeeEngine.csproj", "{AB5ADC1A-6D0A-4777-9785-6048EB925AA5}"
EndProject
Project("{FAE04EC0-301F-11D3-BF4B-00C04F79EFBC}") = "BeeEngine.IOS", "BeeEngine.IOS\BeeEngine.IOS.csproj", "{82503BF1-3BBC-4793-BE17-75AEE6A19999}"
EndProject
Project("{FAE04EC0-301F-11D3-BF4B-00C04F79EFBC}") = "TestiOS", "TestiOS\TestiOS.csproj", "{ED9CF985-CDCE-4984-B167-A9EA41B91F4C}"
EndProject
Project("{FAE04EC0-301F-11D3-BF4B-00C04F79EFBC}") = "BeeEngine.Editor", "BeeEngine.Editor\BeeEngine.Editor.csproj", "{56CFB886-CF38-46F7-AD39-06B6160D332C}"
EndProject
Project("{FAE04EC0-301F-11D3-BF4B-00C04F79EFBC}") = "Test3D", "Test3D\Test3D.csproj", "{C999981F-6257-415D-B59D-1A6E1AA22D12}"
EndProject
Global
	GlobalSection(SolutionConfigurationPlatforms) = preSolution
		Debug|Any CPU = Debug|Any CPU
		Release|Any CPU = Release|Any CPU
	EndGlobalSection
	GlobalSection(ProjectConfigurationPlatforms) = postSolution
		{8DBBDDF8-0FF0-4830-AC1C-A5B815F0919E}.Debug|Any CPU.ActiveCfg = Debug|Any CPU
		{8DBBDDF8-0FF0-4830-AC1C-A5B815F0919E}.Debug|Any CPU.Build.0 = Debug|Any CPU
		{8DBBDDF8-0FF0-4830-AC1C-A5B815F0919E}.Release|Any CPU.ActiveCfg = Release|Any CPU
		{8DBBDDF8-0FF0-4830-AC1C-A5B815F0919E}.Release|Any CPU.Build.0 = Release|Any CPU
		{AB5ADC1A-6D0A-4777-9785-6048EB925AA5}.Debug|Any CPU.ActiveCfg = Debug|Any CPU
		{AB5ADC1A-6D0A-4777-9785-6048EB925AA5}.Debug|Any CPU.Build.0 = Debug|Any CPU
		{AB5ADC1A-6D0A-4777-9785-6048EB925AA5}.Release|Any CPU.ActiveCfg = Release|Any CPU
		{AB5ADC1A-6D0A-4777-9785-6048EB925AA5}.Release|Any CPU.Build.0 = Release|Any CPU
		{AB5ADC1A-6D0A-4777-9785-6048EB925AA5}.Release|Any CPU.Deploy.0 = Release|Any CPU
		{82503BF1-3BBC-4793-BE17-75AEE6A19999}.Debug|Any CPU.ActiveCfg = Debug|Any CPU
		{82503BF1-3BBC-4793-BE17-75AEE6A19999}.Debug|Any CPU.Build.0 = Debug|Any CPU
		{82503BF1-3BBC-4793-BE17-75AEE6A19999}.Release|Any CPU.ActiveCfg = Release|Any CPU
		{82503BF1-3BBC-4793-BE17-75AEE6A19999}.Release|Any CPU.Build.0 = Release|Any CPU
		{ED9CF985-CDCE-4984-B167-A9EA41B91F4C}.Debug|Any CPU.ActiveCfg = Debug|Any CPU
		{ED9CF985-CDCE-4984-B167-A9EA41B91F4C}.Debug|Any CPU.Build.0 = Debug|Any CPU
		{ED9CF985-CDCE-4984-B167-A9EA41B91F4C}.Release|Any CPU.ActiveCfg = Release|Any CPU
		{ED9CF985-CDCE-4984-B167-A9EA41B91F4C}.Release|Any CPU.Build.0 = Release|Any CPU
		{56CFB886-CF38-46F7-AD39-06B6160D332C}.Debug|Any CPU.ActiveCfg = Debug|Any CPU
		{56CFB886-CF38-46F7-AD39-06B6160D332C}.Debug|Any CPU.Build.0 = Debug|Any CPU
		{56CFB886-CF38-46F7-AD39-06B6160D332C}.Release|Any CPU.ActiveCfg = Release|Any CPU
		{56CFB886-CF38-46F7-AD39-06B6160D332C}.Release|Any CPU.Build.0 = Release|Any CPU
		{C999981F-6257-415D-B59D-1A6E1AA22D12}.Debug|Any CPU.ActiveCfg = Debug|Any CPU
		{C999981F-6257-415D-B59D-1A6E1AA22D12}.Debug|Any CPU.Build.0 = Debug|Any CPU
		{C999981F-6257-415D-B59D-1A6E1AA22D12}.Release|Any CPU.ActiveCfg = Release|Any CPU
		{C999981F-6257-415D-B59D-1A6E1AA22D12}.Release|Any CPU.Build.0 = Release|Any CPU
	EndGlobalSection
EndGlobal
